{
  "originHash" : "dab9e0e2baf492ea5483f311eeee382a929c27e96f1c491c933b05e3d4c6b026",
  "pins" : [
    {
      "identity" : "tether-server",
      "kind" : "remoteSourceControl",
      "location" : "https://github.com/AFRUITPIE/tether-server.git",
      "state" : {
        "revision" : "33f924fd97d2260d496ad7a455bc6c9dd37f5dc6",
        "version" : "0.5.2"
      }
    }
  ],
  "version" : 3
}
