{
  "originHash" : "dab9e0e2baf492ea5483f311eeee382a929c27e96f1c491c933b05e3d4c6b026",
  "pins" : [
    {
      "identity" : "tether-server",
      "kind" : "remoteSourceControl",
      "location" : "https://github.com/AFRUITPIE/tether-server.git",
      "state" : {
        "revision" : "8d3da729eeb6783859e594d7aba36cd6ae7de40f",
        "version" : "0.5.12"
      }
    }
  ],
  "version" : 3
}
