{
  "originHash" : "6b5f8e9eb9733155574f527f328ebafdc8b5d77541fe0efbf6ee20615ee1ead4",
  "pins" : [
    {
      "identity" : "tether-server",
      "kind" : "remoteSourceControl",
      "location" : "https://github.com/AFRUITPIE/tether-server.git",
      "state" : {
        "revision" : "748963a29c759e3e251d3056d716844663a4fb5b",
        "version" : "0.3.0"
      }
    }
  ],
  "version" : 3
}
