{
  "originHash" : "dab9e0e2baf492ea5483f311eeee382a929c27e96f1c491c933b05e3d4c6b026",
  "pins" : [
    {
      "identity" : "tether-server",
      "kind" : "remoteSourceControl",
      "location" : "https://github.com/AFRUITPIE/tether-server.git",
      "state" : {
        "revision" : "b96c3e3fb459009b9791498fb908e49182efc3ce",
        "version" : "0.5.10"
      }
    }
  ],
  "version" : 3
}
