{
  "originHash" : "dab9e0e2baf492ea5483f311eeee382a929c27e96f1c491c933b05e3d4c6b026",
  "pins" : [
    {
      "identity" : "tether-server",
      "kind" : "remoteSourceControl",
      "location" : "https://github.com/AFRUITPIE/tether-server.git",
      "state" : {
        "revision" : "7bca467b285f6582f36f6cb35fa66d8e2c745be2",
        "version" : "0.5.16"
      }
    }
  ],
  "version" : 3
}
