{
  "originHash" : "dab9e0e2baf492ea5483f311eeee382a929c27e96f1c491c933b05e3d4c6b026",
  "pins" : [
    {
      "identity" : "tether-server",
      "kind" : "remoteSourceControl",
      "location" : "https://github.com/AFRUITPIE/tether-server.git",
      "state" : {
        "revision" : "865856d8574b0ed724ca6b36582766f8b0cbc95b",
        "version" : "0.5.18"
      }
    }
  ],
  "version" : 3
}
