{
  "originHash" : "dab9e0e2baf492ea5483f311eeee382a929c27e96f1c491c933b05e3d4c6b026",
  "pins" : [
    {
      "identity" : "tether-server",
      "kind" : "remoteSourceControl",
      "location" : "https://github.com/AFRUITPIE/tether-server.git",
      "state" : {
        "revision" : "40682d42a146667cfc1132c8400f164610783693",
        "version" : "0.5.15"
      }
    }
  ],
  "version" : 3
}
