{
  "originHash" : "dab9e0e2baf492ea5483f311eeee382a929c27e96f1c491c933b05e3d4c6b026",
  "pins" : [
    {
      "identity" : "tether-server",
      "kind" : "remoteSourceControl",
      "location" : "https://github.com/AFRUITPIE/tether-server.git",
      "state" : {
        "revision" : "e5de0262cdbc874360cdc5fc92de663980f844c5",
        "version" : "0.5.19"
      }
    }
  ],
  "version" : 3
}
